{
  "name": "CampusHub",
  "lockfileVersion": 3,
  "requires": true,
  "packages": {
    "": {
      "dependencies": {
        "@angular/cdk": "^19.2.7",
        "@angular/material": "^19.2.14",
        "jwt-decode": "^4.0.0"
      }
    },
    "node_modules/@angular/cdk": {
      "version": "19.2.14",
      "resolved": "https://registry.npmjs.org/@angular/cdk/-/cdk-19.2.14.tgz",
      "integrity": "sha512-VRTvSRCJYrlywT0mtUZTqA6zb8beWNqr9xl7d/vaPjopzJMSdmIpNmPiN+WshLeQhRYnXOPmhUbhULAwThnetg==",
      "license": "MIT",
      "dependencies": {
        "parse5": "^7.1.2",
        "tslib": "^2.3.0"
      },
      "peerDependencies": {
        "@angular/common": "^19.0.0 || ^20.0.0",
        "@angular/core": "^19.0.0 || ^20.0.0",
        "rxjs": "^6.5.3 || ^7.4.0"
      }
    },
    "node_modules/@angular/common": {
      "version": "19.2.9",
      "resolved": "https://registry.npmjs.org/@angular/common/-/common-19.2.9.tgz",
      "integrity": "sha512-4Lio3nRp13sTU15hsVcv8Zkj+7OKZ6Pc6CIIkQYHs9KisSwwvwmRZDU1wFhKlH+ogebLgOcNurIPdqeYWWnLjQ==",
      "license": "MIT",
      "peer": true,
      "dependencies": {
        "tslib": "^2.3.0"
      },
      "engines": {
        "node": "^18.19.1 || ^20.11.1 || >=22.0.0"
      },
      "peerDependencies": {
        "@angular/core": "19.2.9",
        "rxjs": "^6.5.3 || ^7.4.0"
      }
    },
    "node_modules/@angular/core": {
      "version": "19.2.9",
      "resolved": "https://registry.npmjs.org/@angular/core/-/core-19.2.9.tgz",
      "integrity": "sha512-73WMvxWll8/nQiAbigDhR27dQ+GjciODY5JVADdneNBSEwcQxi0HirlGzm5wy1TonOu4eTTWkvgV/3YlTOmo4A==",
      "license": "MIT",
      "peer": true,
      "dependencies": {
        "tslib": "^2.3.0"
      },
      "engines": {
        "node": "^18.19.1 || ^20.11.1 || >=22.0.0"
      },
      "peerDependencies": {
        "rxjs": "^6.5.3 || ^7.4.0",
        "zone.js": "~0.15.0"
      }
    },
    "node_modules/@angular/forms": {
      "version": "19.2.9",
      "resolved": "https://registry.npmjs.org/@angular/forms/-/forms-19.2.9.tgz",
      "integrity": "sha512-RKzShsMf9X7LQd4qsfx1ShSPF0qODS7HWBPz/khFvfpscDYAqXvqzfXS2yvu0PaCwyNneR7vZKYMCN564SK7hw==",
      "license": "MIT",
      "peer": true,
      "dependencies": {
        "tslib": "^2.3.0"
      },
      "engines": {
        "node": "^18.19.1 || ^20.11.1 || >=22.0.0"
      },
      "peerDependencies": {
        "@angular/common": "19.2.9",
        "@angular/core": "19.2.9",
        "@angular/platform-browser": "19.2.9",
        "rxjs": "^6.5.3 || ^7.4.0"
      }
    },
    "node_modules/@angular/material": {
      "version": "19.2.14",
      "resolved": "https://registry.npmjs.org/@angular/material/-/material-19.2.14.tgz",
      "integrity": "sha512-jx9DGWwc/FuPbujG4SCZgrwvcdsqxTjpWaof1h3vR+9o01t0G0ugQebYiTEAVg+tuYMoq16stxtKo18BrYCI1Q==",
      "license": "MIT",
      "dependencies": {
        "tslib": "^2.3.0"
      },
      "peerDependencies": {
        "@angular/cdk": "19.2.14",
        "@angular/common": "^19.0.0 || ^20.0.0",
        "@angular/core": "^19.0.0 || ^20.0.0",
        "@angular/forms": "^19.0.0 || ^20.0.0",
        "@angular/platform-browser": "^19.0.0 || ^20.0.0",
        "rxjs": "^6.5.3 || ^7.4.0"
      }
    },
    "node_modules/@angular/platform-browser": {
      "version": "19.2.9",
      "resolved": "https://registry.npmjs.org/@angular/platform-browser/-/platform-browser-19.2.9.tgz",
      "integrity": "sha512-vMBgCj/R2OxVX7YAqBTOsBiEUbwB3sJoZSy+E05vJovC0QhPWTiR4QiBXB1nlCoAZ8HTv79j7j8AYl10pqlPfQ==",
      "license": "MIT",
      "peer": true,
      "dependencies": {
        "tslib": "^2.3.0"
      },
      "engines": {
        "node": "^18.19.1 || ^20.11.1 || >=22.0.0"
      },
      "peerDependencies": {
        "@angular/animations": "19.2.9",
        "@angular/common": "19.2.9",
        "@angular/core": "19.2.9"
      },
      "peerDependenciesMeta": {
        "@angular/animations": {
          "optional": true
        }
      }
    },
    "node_modules/entities": {
      "version": "4.5.0",
      "license": "BSD-2-Clause",
      "engines": {
        "node": ">=0.12"
      },
      "funding": {
        "url": "https://github.com/fb55/entities?sponsor=1"
      }
    },
    "node_modules/jwt-decode": {
      "version": "4.0.0",
      "resolved": "https://registry.npmjs.org/jwt-decode/-/jwt-decode-4.0.0.tgz",
      "integrity": "sha512-+KJGIyHgkGuIq3IEBNftfhW/LfWhXUIY6OmyVWjliu5KH1y0fw7VQ8YndE2O4qZdMSd9SqbnC8GOcZEy0Om7sA==",
      "license": "MIT",
      "engines": {
        "node": ">=18"
      }
    },
    "node_modules/parse5": {
      "version": "7.2.1",
      "license": "MIT",
      "dependencies": {
        "entities": "^4.5.0"
      },
      "funding": {
        "url": "https://github.com/inikulin/parse5?sponsor=1"
      }
    },
    "node_modules/rxjs": {
      "version": "7.8.2",
      "license": "Apache-2.0",
      "peer": true,
      "dependencies": {
        "tslib": "^2.1.0"
      }
    },
    "node_modules/tslib": {
      "version": "2.8.1",
      "license": "0BSD"
    },
    "node_modules/zone.js": {
      "version": "0.15.0",
      "license": "MIT",
      "peer": true
    }
  }
}
